{
  "name": "v-infinite-scroll",
  "version": "1.0.0",
  "lockfileVersion": 1,
  "requires": true,
  "dependencies": {
    "@types/estree": {
      "version": "0.0.39",
      "resolved": "https://rcnpm.zhuanspirit.com/@types/estree/download/@types/estree-0.0.39.tgz",
      "integrity": "sha1-4Xfmme4bjCLSMXTKqnQiZEOJUJ8=",
      "dev": true
    },
    "@types/node": {
      "version": "12.6.2",
      "resolved": "https://rcnpm.zhuanspirit.com/@types/node/download/@types/node-12.6.2.tgz",
      "integrity": "sha1-pczsartgYNXyDSVvsD7XQ+l3SZk=",
      "dev": true
    },
    "@types/resolve": {
      "version": "0.0.8",
      "resolved": "https://rcnpm.zhuanspirit.com/@types/resolve/download/@types/resolve-0.0.8.tgz",
      "integrity": "sha1-8mB00jjgJlnjI84aE9BB7uKA4ZQ=",
      "dev": true,
      "requires": {
        "@types/node": "*"
      }
    },
    "acorn": {
      "version": "6.2.0",
      "resolved": "https://rcnpm.zhuanspirit.com/acorn/download/acorn-6.2.0.tgz",
      "integrity": "sha1-Z/DaL8M51s+11vskT9RJ8zzYu+M=",
      "dev": true
    },
    "builtin-modules": {
      "version": "3.1.0",
      "resolved": "https://rcnpm.zhuanspirit.com/builtin-modules/download/builtin-modules-3.1.0.tgz",
      "integrity": "sha1-qtl8FRMet2tltQ7yCOdYTNdqdIQ=",
      "dev": true
    },
    "estree-walker": {
      "version": "0.6.1",
      "resolved": "https://rcnpm.zhuanspirit.com/estree-walker/download/estree-walker-0.6.1.tgz",
      "integrity": "sha1-UwSRQ/QMbrkYsjZx0f4yGfOhs2I=",
      "dev": true
    },
    "intersection-observer": {
      "version": "0.7.0",
      "resolved": "https://rcnpm.zhuanspirit.com/intersection-observer/download/intersection-observer-0.7.0.tgz",
      "integrity": "sha1-7ha+6XjbU1FurS8KgVSwm0ALvck="
    },
    "is-module": {
      "version": "1.0.0",
      "resolved": "https://rcnpm.zhuanspirit.com/is-module/download/is-module-1.0.0.tgz",
      "integrity": "sha1-Mlj7afeMFNW4FdZkM2tM/7ZEFZE=",
      "dev": true
    },
    "path-parse": {
      "version": "1.0.6",
      "resolved": "https://rcnpm.zhuanspirit.com/path-parse/download/path-parse-1.0.6.tgz",
      "integrity": "sha1-1i27VnlAXXLEc37FhgDp3c8G0kw=",
      "dev": true
    },
    "resolve": {
      "version": "1.11.1",
      "resolved": "https://rcnpm.zhuanspirit.com/resolve/download/resolve-1.11.1.tgz",
      "integrity": "sha1-6hDYEQN2mC/vV434/DC5rDCgej4=",
      "dev": true,
      "requires": {
        "path-parse": "^1.0.6"
      }
    },
    "rollup": {
      "version": "1.16.7",
      "resolved": "https://rcnpm.zhuanspirit.com/rollup/download/rollup-1.16.7.tgz",
      "integrity": "sha1-S1OcoiRl3zn2yWPSAB2V9lJ+l+E=",
      "dev": true,
      "requires": {
        "@types/estree": "0.0.39",
        "@types/node": "^12.0.10",
        "acorn": "^6.1.1"
      }
    },
    "rollup-plugin-node-resolve": {
      "version": "5.2.0",
      "resolved": "https://rcnpm.zhuanspirit.com/rollup-plugin-node-resolve/download/rollup-plugin-node-resolve-5.2.0.tgz",
      "integrity": "sha1-cw+T0Q7SAkc7H7VKWZen24xthSM=",
      "dev": true,
      "requires": {
        "@types/resolve": "0.0.8",
        "builtin-modules": "^3.1.0",
        "is-module": "^1.0.0",
        "resolve": "^1.11.1",
        "rollup-pluginutils": "^2.8.1"
      }
    },
    "rollup-pluginutils": {
      "version": "2.8.1",
      "resolved": "https://rcnpm.zhuanspirit.com/rollup-pluginutils/download/rollup-pluginutils-2.8.1.tgz",
      "integrity": "sha1-j6bdBpc0STjvJsLAnSSIzp4zzpc=",
      "dev": true,
      "requires": {
        "estree-walker": "^0.6.1"
      }
    },
    "throttle-debounce": {
      "version": "2.1.0",
      "resolved": "https://registry.npm.taobao.org/throttle-debounce/download/throttle-debounce-2.1.0.tgz",
      "integrity": "sha1-JX5kjwpWvZ5U/g8TLEq4YR304dU="
    },
    "vue": {
      "version": "2.6.10",
      "resolved": "https://rcnpm.zhuanspirit.com/vue/download/vue-2.6.10.tgz",
      "integrity": "sha1-pysaQqTYKnIepDjRtr9V5mGVxjc="
    }
  }
}
